
Microsoft Visual Studio Solution File, Format Version 12.00
# Visual Studio Version 17
VisualStudioVersion = 17.0.31903.59
MinimumVisualStudioVersion = 10.0.40219.1
Project("{2150E333-8FDC-42A3-9474-1A3956D46DE8}") = "src", "src", "{84A02923-8DDD-4B68-9BF2-82338AD0E708}"
EndProject
Project("{FAE04EC0-301F-11D3-BF4B-00C04F79EFBC}") = "FCQI.Domain", "src\FCQI.Domain\FCQI.Domain.csproj", "{B21959EA-F172-4552-A27C-5DA265FC884C}"
EndProject
Project("{FAE04EC0-301F-11D3-BF4B-00C04F79EFBC}") = "FCQI.Application", "src\FCQI.Application\FCQI.Application.csproj", "{6EAB9E11-3A00-43E2-A5AA-52AECCDE760D}"
EndProject
Project("{FAE04EC0-301F-11D3-BF4B-00C04F79EFBC}") = "FCQI.Infrastructure", "src\FCQI.Infrastructure\FCQI.Infrastructure.csproj", "{8638DD9D-2057-4641-A10A-5244BE534B69}"
EndProject
Project("{FAE04EC0-301F-11D3-BF4B-00C04F79EFBC}") = "FCQI.Api", "src\FCQI.Api\FCQI.Api.csproj", "{FE15E805-8A6F-4FDF-B4A6-C58DB1AFC437}"
EndProject
Project("{2150E333-8FDC-42A3-9474-1A3956D46DE8}") = "tests", "tests", "{78E4BE9B-9832-4C8C-99A7-F5FB0F40E081}"
EndProject
Project("{FAE04EC0-301F-11D3-BF4B-00C04F79EFBC}") = "FCQI.UnitTests", "tests\FCQI.UnitTests\FCQI.UnitTests.csproj", "{46901A8C-30D7-459A-840A-E06BCA93F41C}"
EndProject
Project("{FAE04EC0-301F-11D3-BF4B-00C04F79EFBC}") = "FCQI.Web", "src\FCQI.Web\FCQI.Web.csproj", "{B0D4297E-DBEF-45F2-9833-EF1FB43E9BC1}"
EndProject
Project("{FAE04EC0-301F-11D3-BF4B-00C04F79EFBC}") = "FCQI.Web.Browser", "src\FCQI.Web.Browser\FCQI.Web.Browser.csproj", "{95FF9977-0239-42D8-B9E5-2E4ACDCC9E91}"
EndProject
Global
	GlobalSection(SolutionConfigurationPlatforms) = preSolution
		Debug|Any CPU = Debug|Any CPU
		Release|Any CPU = Release|Any CPU
	EndGlobalSection
	GlobalSection(SolutionProperties) = preSolution
		HideSolutionNode = FALSE
	EndGlobalSection
	GlobalSection(ProjectConfigurationPlatforms) = postSolution
		{B21959EA-F172-4552-A27C-5DA265FC884C}.Debug|Any CPU.ActiveCfg = Debug|Any CPU
		{B21959EA-F172-4552-A27C-5DA265FC884C}.Debug|Any CPU.Build.0 = Debug|Any CPU
		{B21959EA-F172-4552-A27C-5DA265FC884C}.Release|Any CPU.ActiveCfg = Release|Any CPU
		{B21959EA-F172-4552-A27C-5DA265FC884C}.Release|Any CPU.Build.0 = Release|Any CPU
		{6EAB9E11-3A00-43E2-A5AA-52AECCDE760D}.Debug|Any CPU.ActiveCfg = Debug|Any CPU
		{6EAB9E11-3A00-43E2-A5AA-52AECCDE760D}.Debug|Any CPU.Build.0 = Debug|Any CPU
		{6EAB9E11-3A00-43E2-A5AA-52AECCDE760D}.Release|Any CPU.ActiveCfg = Release|Any CPU
		{6EAB9E11-3A00-43E2-A5AA-52AECCDE760D}.Release|Any CPU.Build.0 = Release|Any CPU
		{8638DD9D-2057-4641-A10A-5244BE534B69}.Debug|Any CPU.ActiveCfg = Debug|Any CPU
		{8638DD9D-2057-4641-A10A-5244BE534B69}.Debug|Any CPU.Build.0 = Debug|Any CPU
		{8638DD9D-2057-4641-A10A-5244BE534B69}.Release|Any CPU.ActiveCfg = Release|Any CPU
		{8638DD9D-2057-4641-A10A-5244BE534B69}.Release|Any CPU.Build.0 = Release|Any CPU
		{FE15E805-8A6F-4FDF-B4A6-C58DB1AFC437}.Debug|Any CPU.ActiveCfg = Debug|Any CPU
		{FE15E805-8A6F-4FDF-B4A6-C58DB1AFC437}.Debug|Any CPU.Build.0 = Debug|Any CPU
		{FE15E805-8A6F-4FDF-B4A6-C58DB1AFC437}.Release|Any CPU.ActiveCfg = Release|Any CPU
		{FE15E805-8A6F-4FDF-B4A6-C58DB1AFC437}.Release|Any CPU.Build.0 = Release|Any CPU
		{46901A8C-30D7-459A-840A-E06BCA93F41C}.Debug|Any CPU.ActiveCfg = Debug|Any CPU
		{46901A8C-30D7-459A-840A-E06BCA93F41C}.Debug|Any CPU.Build.0 = Debug|Any CPU
		{46901A8C-30D7-459A-840A-E06BCA93F41C}.Release|Any CPU.ActiveCfg = Release|Any CPU
		{46901A8C-30D7-459A-840A-E06BCA93F41C}.Release|Any CPU.Build.0 = Release|Any CPU
		{B0D4297E-DBEF-45F2-9833-EF1FB43E9BC1}.Debug|Any CPU.ActiveCfg = Debug|Any CPU
		{B0D4297E-DBEF-45F2-9833-EF1FB43E9BC1}.Debug|Any CPU.Build.0 = Debug|Any CPU
		{B0D4297E-DBEF-45F2-9833-EF1FB43E9BC1}.Release|Any CPU.ActiveCfg = Release|Any CPU
		{B0D4297E-DBEF-45F2-9833-EF1FB43E9BC1}.Release|Any CPU.Build.0 = Release|Any CPU
		{95FF9977-0239-42D8-B9E5-2E4ACDCC9E91}.Debug|Any CPU.ActiveCfg = Debug|Any CPU
		{95FF9977-0239-42D8-B9E5-2E4ACDCC9E91}.Debug|Any CPU.Build.0 = Debug|Any CPU
		{95FF9977-0239-42D8-B9E5-2E4ACDCC9E91}.Release|Any CPU.ActiveCfg = Release|Any CPU
		{95FF9977-0239-42D8-B9E5-2E4ACDCC9E91}.Release|Any CPU.Build.0 = Release|Any CPU
	EndGlobalSection
	GlobalSection(NestedProjects) = preSolution
		{B21959EA-F172-4552-A27C-5DA265FC884C} = {84A02923-8DDD-4B68-9BF2-82338AD0E708}
		{6EAB9E11-3A00-43E2-A5AA-52AECCDE760D} = {84A02923-8DDD-4B68-9BF2-82338AD0E708}
		{8638DD9D-2057-4641-A10A-5244BE534B69} = {84A02923-8DDD-4B68-9BF2-82338AD0E708}
		{FE15E805-8A6F-4FDF-B4A6-C58DB1AFC437} = {84A02923-8DDD-4B68-9BF2-82338AD0E708}
		{46901A8C-30D7-459A-840A-E06BCA93F41C} = {78E4BE9B-9832-4C8C-99A7-F5FB0F40E081}
		{B0D4297E-DBEF-45F2-9833-EF1FB43E9BC1} = {84A02923-8DDD-4B68-9BF2-82338AD0E708}
		{95FF9977-0239-42D8-B9E5-2E4ACDCC9E91} = {84A02923-8DDD-4B68-9BF2-82338AD0E708}
	EndGlobalSection
EndGlobal
